DEPENDENCIES
  apache2
    git: git://github.com/aws/opsworks-cookbooks.git
    revision: ae6b7ffab7b25a55cbd84a236d4bccfb1cf85696
    branch: release-chef-11.10
    rel: apache2
  cassandra-dse
    git: git://github.com/wsh/cassandra-chef-cookbook.git
    revision: 0a0c50244b9b12653660a3320fde2159595fb38d

GRAPH
  7-zip (1.0.2)
    windows (>= 1.2.2)
  apache2 (1.0.0)
  apt (2.9.2)
  ark (0.9.0)
    7-zip (>= 0.0.0)
    windows (>= 0.0.0)
  cassandra-dse (4.2.0)
    apt (>= 0.0.0)
    ark (>= 0.0.0)
    java (>= 0.0.0)
    ulimit (>= 0.0.0)
    yum (>= 0.0.0)
  chef_handler (1.2.0)
  java (1.39.0)
    apt (>= 0.0.0)
  ulimit (0.3.3)
  windows (1.39.1)
    chef_handler (>= 0.0.0)
  yum (3.10.0)
