DEPENDENCIES
  apache2
    git: git://github.com/aws/opsworks-cookbooks.git
    revision: 36a916a1d1a4c119f9cc7a1c579c68144c2651a9
    branch: release-chef-11.10
    rel: apache2
  apt
  chef_handler (= 1.1.6)
  elasticsearch (= 0.3.13)
  git
  java (= 1.29.0)
  lvm (= 1.0.8)
  nodejs (= 2.4.4)
  ohai
  pelias
    git: https://github.com/lance0821/chef-mapzen_pelias.git
    revision: 243d552f49030473b189811216f59eb7a5c0d1f4
  python (= 1.3.6)
  runit (= 1.5.10)
  sensu (= 2.10.0)
  tilequeue
    git: https://github.com/mapzen/chef-tilequeue.git
    revision: d9b6890ba8d53ceb7af43fe7f0432ac9f7521470
  user

GRAPH
  7-zip (1.0.2)
    windows (>= 1.2.2)
  apache2 (1.0.0)
  apt (2.9.2)
  ark (0.9.0)
    7-zip (>= 0.0.0)
    windows (>= 0.0.0)
  build-essential (2.2.4)
  chef-sugar (3.3.0)
  chef_handler (1.1.6)
  dmg (2.3.0)
  elasticsearch (0.3.13)
    ark (>= 0.2.4)
    build-essential (>= 0.0.0)
    java (>= 0.0.0)
    monit (>= 0.0.0)
    xml (>= 0.0.0)
  erlang (2.0.1)
    apt (>= 1.7.0)
    build-essential (>= 0.0.0)
    yum (~> 3.0)
    yum-epel (>= 0.0.0)
    yum-erlang_solutions (>= 0.0.0)
  git (4.3.5)
    build-essential (>= 0.0.0)
    dmg (>= 0.0.0)
    windows (>= 0.0.0)
    yum-epel (>= 0.0.0)
  homebrew (2.0.4)
    build-essential (>= 2.1.2)
  java (1.29.0)
  lvm (1.0.8)
  monit (1.0.0)
    poise (~> 2.0)
    poise-monit (~> 1.0)
  nodejs (2.4.4)
    apt (>= 0.0.0)
    ark (>= 0.0.0)
    build-essential (>= 0.0.0)
    homebrew (>= 0.0.0)
    yum-epel (>= 0.0.0)
  ohai (2.0.4)
  pelias (0.6.0)
    apt (>= 0.0.0)
    elasticsearch (>= 0.0.0)
    java (>= 0.0.0)
    nodejs (>= 0.0.0)
    runit (>= 0.0.0)
    user (>= 0.0.0)
  poise (2.5.0)
  poise-languages (1.3.2)
    poise (~> 2.5)
  poise-monit (1.0.1)
    poise (~> 2.5)
    poise-languages (~> 1.3)
    poise-service (~> 1.1)
  poise-service (1.1.0)
    poise (~> 2.0)
  python (1.3.6)
    build-essential (>= 0.0.0)
    yum (>= 0.0.0)
  rabbitmq (3.12.0)
    erlang (>= 0.9)
    yum-epel (>= 0.0.0)
    yum-erlang_solutions (>= 0.0.0)
  redisio (2.3.0)
    build-essential (>= 0.0.0)
    ulimit (>= 0.1.2)
  runit (1.5.10)
    build-essential (>= 0.0.0)
    yum (~> 3.0)
    yum-epel (>= 0.0.0)
  sensu (2.10.0)
    apt (>= 0.0.0)
    rabbitmq (>= 2.0.0)
    redisio (>= 1.7.0)
    windows (>= 1.8.8)
    yum (>= 0.0.0)
  tilequeue (0.2.1)
    apt (>= 0.0.0)
    git (>= 0.0.0)
    python (>= 0.0.0)
    runit (>= 0.0.0)
    user (>= 0.0.0)
  ulimit (0.3.3)
  user (0.4.2)
  windows (1.39.1)
    chef_handler (>= 0.0.0)
  xml (2.0.0)
    build-essential (>= 0.0.0)
    chef-sugar (>= 0.0.0)
  yum (3.9.0)
  yum-epel (0.6.5)
    yum (~> 3.2)
  yum-erlang_solutions (0.3.1)
    yum (~> 3.2)
    yum-epel (>= 0.0.0)
